
Microsoft Visual Studio Solution File, Format Version 12.00
# Visual Studio Version 17
VisualStudioVersion = 17.9.34728.123
MinimumVisualStudioVersion = 10.0.40219.1
Project("{9A19103F-16F7-4668-BE54-9A1E7A4F7556}") = "NanoDNA.GitHubManager", "NanoDNA.GitHubManager\NanoDNA.GitHubManager.csproj", "{4A916A1F-66D2-4C62-8D1B-D99108C89D03}"
EndProject
Project("{FAE04EC0-301F-11D3-BF4B-00C04F79EFBC}") = "NanoDNA.GitHubManager.Tests", "NanoDNA.GitHubManager.Tests\NanoDNA.GitHubManager.Tests.csproj", "{B20F1091-260E-4F01-9AF1-76B43CE297FE}"
EndProject
Project("{2150E333-8FDC-42A3-9474-1A3956D46DE8}") = "Solution Items", "Solution Items", "{8B305EED-1055-4F8B-9B8A-34F5B529D748}"
	ProjectSection(SolutionItems) = preProject
		.github\workflows\build.yml = .github\workflows\build.yml
		.github\workflows\publish.yml = .github\workflows\publish.yml
		.github\workflows\test.yml = .github\workflows\test.yml
	EndProjectSection
EndProject
Global
	GlobalSection(SolutionConfigurationPlatforms) = preSolution
		Debug|Any CPU = Debug|Any CPU
		Debug|ARM32 = Debug|ARM32
		Debug|ARM64 = Debug|ARM64
		Debug|x64 = Debug|x64
		Debug|x86 = Debug|x86
		Release|Any CPU = Release|Any CPU
		Release|ARM32 = Release|ARM32
		Release|ARM64 = Release|ARM64
		Release|x64 = Release|x64
		Release|x86 = Release|x86
	EndGlobalSection
	GlobalSection(ProjectConfigurationPlatforms) = postSolution
		{4A916A1F-66D2-4C62-8D1B-D99108C89D03}.Debug|Any CPU.ActiveCfg = Debug|Any CPU
		{4A916A1F-66D2-4C62-8D1B-D99108C89D03}.Debug|Any CPU.Build.0 = Debug|Any CPU
		{4A916A1F-66D2-4C62-8D1B-D99108C89D03}.Debug|ARM32.ActiveCfg = Debug|ARM32
		{4A916A1F-66D2-4C62-8D1B-D99108C89D03}.Debug|ARM32.Build.0 = Debug|ARM32
		{4A916A1F-66D2-4C62-8D1B-D99108C89D03}.Debug|ARM64.ActiveCfg = Debug|ARM64
		{4A916A1F-66D2-4C62-8D1B-D99108C89D03}.Debug|ARM64.Build.0 = Debug|ARM64
		{4A916A1F-66D2-4C62-8D1B-D99108C89D03}.Debug|x64.ActiveCfg = Debug|x64
		{4A916A1F-66D2-4C62-8D1B-D99108C89D03}.Debug|x64.Build.0 = Debug|x64
		{4A916A1F-66D2-4C62-8D1B-D99108C89D03}.Debug|x86.ActiveCfg = Debug|x86
		{4A916A1F-66D2-4C62-8D1B-D99108C89D03}.Debug|x86.Build.0 = Debug|x86
		{4A916A1F-66D2-4C62-8D1B-D99108C89D03}.Release|Any CPU.ActiveCfg = Release|Any CPU
		{4A916A1F-66D2-4C62-8D1B-D99108C89D03}.Release|Any CPU.Build.0 = Release|Any CPU
		{4A916A1F-66D2-4C62-8D1B-D99108C89D03}.Release|ARM32.ActiveCfg = Release|ARM32
		{4A916A1F-66D2-4C62-8D1B-D99108C89D03}.Release|ARM32.Build.0 = Release|ARM32
		{4A916A1F-66D2-4C62-8D1B-D99108C89D03}.Release|ARM64.ActiveCfg = Release|ARM64
		{4A916A1F-66D2-4C62-8D1B-D99108C89D03}.Release|ARM64.Build.0 = Release|ARM64
		{4A916A1F-66D2-4C62-8D1B-D99108C89D03}.Release|x64.ActiveCfg = Release|x64
		{4A916A1F-66D2-4C62-8D1B-D99108C89D03}.Release|x64.Build.0 = Release|x64
		{4A916A1F-66D2-4C62-8D1B-D99108C89D03}.Release|x86.ActiveCfg = Release|x86
		{4A916A1F-66D2-4C62-8D1B-D99108C89D03}.Release|x86.Build.0 = Release|x86
		{B20F1091-260E-4F01-9AF1-76B43CE297FE}.Debug|Any CPU.ActiveCfg = Debug|Any CPU
		{B20F1091-260E-4F01-9AF1-76B43CE297FE}.Debug|Any CPU.Build.0 = Debug|Any CPU
		{B20F1091-260E-4F01-9AF1-76B43CE297FE}.Debug|ARM32.ActiveCfg = Debug|ARM32
		{B20F1091-260E-4F01-9AF1-76B43CE297FE}.Debug|ARM32.Build.0 = Debug|ARM32
		{B20F1091-260E-4F01-9AF1-76B43CE297FE}.Debug|ARM64.ActiveCfg = Debug|ARM64
		{B20F1091-260E-4F01-9AF1-76B43CE297FE}.Debug|ARM64.Build.0 = Debug|ARM64
		{B20F1091-260E-4F01-9AF1-76B43CE297FE}.Debug|x64.ActiveCfg = Debug|x64
		{B20F1091-260E-4F01-9AF1-76B43CE297FE}.Debug|x64.Build.0 = Debug|x64
		{B20F1091-260E-4F01-9AF1-76B43CE297FE}.Debug|x86.ActiveCfg = Debug|x86
		{B20F1091-260E-4F01-9AF1-76B43CE297FE}.Debug|x86.Build.0 = Debug|x86
		{B20F1091-260E-4F01-9AF1-76B43CE297FE}.Release|Any CPU.ActiveCfg = Release|Any CPU
		{B20F1091-260E-4F01-9AF1-76B43CE297FE}.Release|Any CPU.Build.0 = Release|Any CPU
		{B20F1091-260E-4F01-9AF1-76B43CE297FE}.Release|ARM32.ActiveCfg = Release|ARM32
		{B20F1091-260E-4F01-9AF1-76B43CE297FE}.Release|ARM32.Build.0 = Release|ARM32
		{B20F1091-260E-4F01-9AF1-76B43CE297FE}.Release|ARM64.ActiveCfg = Release|ARM64
		{B20F1091-260E-4F01-9AF1-76B43CE297FE}.Release|ARM64.Build.0 = Release|ARM64
		{B20F1091-260E-4F01-9AF1-76B43CE297FE}.Release|x64.ActiveCfg = Release|x64
		{B20F1091-260E-4F01-9AF1-76B43CE297FE}.Release|x64.Build.0 = Release|x64
		{B20F1091-260E-4F01-9AF1-76B43CE297FE}.Release|x86.ActiveCfg = Release|x86
		{B20F1091-260E-4F01-9AF1-76B43CE297FE}.Release|x86.Build.0 = Release|x86
	EndGlobalSection
	GlobalSection(SolutionProperties) = preSolution
		HideSolutionNode = FALSE
	EndGlobalSection
	GlobalSection(ExtensibilityGlobals) = postSolution
		SolutionGuid = {5DF2308C-5C30-41B4-80B8-885DE9A32F31}
	EndGlobalSection
EndGlobal
